
Microsoft Visual Studio Solution File, Format Version 12.00
# Visual Studio 15
VisualStudioVersion = 15.0.28010.2016
MinimumVisualStudioVersion = 10.0.40219.1
Project("{FAE04EC0-301F-11D3-BF4B-00C04F79EFBC}") = "MailgunEmailSender", "MailgunEmailSender\MailgunEmailSender.csproj", "{185C45D6-ED4B-4CF8-9375-5DC27B024259}"
EndProject
Project("{FAE04EC0-301F-11D3-BF4B-00C04F79EFBC}") = "UnitTests", "UnitTests\UnitTests.csproj", "{326D2F76-8C22-46B4-BDD3-76C627E652A7}"
EndProject
Global
	GlobalSection(SolutionConfigurationPlatforms) = preSolution
		Debug|Any CPU = Debug|Any CPU
		Release|Any CPU = Release|Any CPU
	EndGlobalSection
	GlobalSection(ProjectConfigurationPlatforms) = postSolution
		{185C45D6-ED4B-4CF8-9375-5DC27B024259}.Debug|Any CPU.ActiveCfg = Debug|Any CPU
		{185C45D6-ED4B-4CF8-9375-5DC27B024259}.Debug|Any CPU.Build.0 = Debug|Any CPU
		{185C45D6-ED4B-4CF8-9375-5DC27B024259}.Release|Any CPU.ActiveCfg = Release|Any CPU
		{185C45D6-ED4B-4CF8-9375-5DC27B024259}.Release|Any CPU.Build.0 = Release|Any CPU
		{326D2F76-8C22-46B4-BDD3-76C627E652A7}.Debug|Any CPU.ActiveCfg = Debug|Any CPU
		{326D2F76-8C22-46B4-BDD3-76C627E652A7}.Debug|Any CPU.Build.0 = Debug|Any CPU
		{326D2F76-8C22-46B4-BDD3-76C627E652A7}.Release|Any CPU.ActiveCfg = Release|Any CPU
		{326D2F76-8C22-46B4-BDD3-76C627E652A7}.Release|Any CPU.Build.0 = Release|Any CPU
	EndGlobalSection
	GlobalSection(SolutionProperties) = preSolution
		HideSolutionNode = FALSE
	EndGlobalSection
	GlobalSection(ExtensibilityGlobals) = postSolution
		SolutionGuid = {774D63A6-A609-4752-A903-B2FDBE56BF57}
	EndGlobalSection
EndGlobal
